
Microsoft Visual Studio Solution File, Format Version 12.00
# Visual Studio Version 17
VisualStudioVersion = 17.14.36310.24
MinimumVisualStudioVersion = 10.0.40219.1
Project("{FAE04EC0-301F-11D3-BF4B-00C04F79EFBC}") = "ConsoleApp", "ConsoleApp\ConsoleApp.csproj", "{D9ED8B81-F942-45D5-86E0-D13039DAEA50}"
EndProject
Project("{FAE04EC0-301F-11D3-BF4B-00C04F79EFBC}") = "WebApp", "WebApp\WebApp.csproj", "{7B8D88C9-36E6-4D13-981E-16BBC887118B}"
EndProject
Global
	GlobalSection(SolutionConfigurationPlatforms) = preSolution
		Debug|Any CPU = Debug|Any CPU
		Release|Any CPU = Release|Any CPU
	EndGlobalSection
	GlobalSection(ProjectConfigurationPlatforms) = postSolution
		{D9ED8B81-F942-45D5-86E0-D13039DAEA50}.Debug|Any CPU.ActiveCfg = Debug|Any CPU
		{D9ED8B81-F942-45D5-86E0-D13039DAEA50}.Debug|Any CPU.Build.0 = Debug|Any CPU
		{D9ED8B81-F942-45D5-86E0-D13039DAEA50}.Release|Any CPU.ActiveCfg = Release|Any CPU
		{D9ED8B81-F942-45D5-86E0-D13039DAEA50}.Release|Any CPU.Build.0 = Release|Any CPU
		{7B8D88C9-36E6-4D13-981E-16BBC887118B}.Debug|Any CPU.ActiveCfg = Debug|Any CPU
		{7B8D88C9-36E6-4D13-981E-16BBC887118B}.Debug|Any CPU.Build.0 = Debug|Any CPU
		{7B8D88C9-36E6-4D13-981E-16BBC887118B}.Release|Any CPU.ActiveCfg = Release|Any CPU
		{7B8D88C9-36E6-4D13-981E-16BBC887118B}.Release|Any CPU.Build.0 = Release|Any CPU
	EndGlobalSection
	GlobalSection(SolutionProperties) = preSolution
		HideSolutionNode = FALSE
	EndGlobalSection
	GlobalSection(ExtensibilityGlobals) = postSolution
		SolutionGuid = {9D575C18-CB4B-4148-893C-A1754DFAF949}
	EndGlobalSection
EndGlobal
